
Microsoft Visual Studio Solution File, Format Version 12.00
# Visual Studio Version 17
VisualStudioVersion = 17.1.32421.90
MinimumVisualStudioVersion = 10.0.40219.1
Project("{FAE04EC0-301F-11D3-BF4B-00C04F79EFBC}") = "SystemIntegrationAssignment1", "SystemIntegrationAssignment1\SystemIntegrationAssignment1.csproj", "{1F4CDD1B-8CB7-4A74-946D-2D02E3D595AB}"
EndProject
Global
	GlobalSection(SolutionConfigurationPlatforms) = preSolution
		Debug|Any CPU = Debug|Any CPU
		Release|Any CPU = Release|Any CPU
	EndGlobalSection
	GlobalSection(ProjectConfigurationPlatforms) = postSolution
		{1F4CDD1B-8CB7-4A74-946D-2D02E3D595AB}.Debug|Any CPU.ActiveCfg = Debug|Any CPU
		{1F4CDD1B-8CB7-4A74-946D-2D02E3D595AB}.Debug|Any CPU.Build.0 = Debug|Any CPU
		{1F4CDD1B-8CB7-4A74-946D-2D02E3D595AB}.Release|Any CPU.ActiveCfg = Release|Any CPU
		{1F4CDD1B-8CB7-4A74-946D-2D02E3D595AB}.Release|Any CPU.Build.0 = Release|Any CPU
	EndGlobalSection
	GlobalSection(SolutionProperties) = preSolution
		HideSolutionNode = FALSE
	EndGlobalSection
	GlobalSection(ExtensibilityGlobals) = postSolution
		SolutionGuid = {6E76D50A-A78E-4F06-A727-DCFD7186EB9F}
	EndGlobalSection
EndGlobal
