
Microsoft Visual Studio Solution File, Format Version 12.00
# Visual Studio Version 17
VisualStudioVersion = 17.1.32421.90
MinimumVisualStudioVersion = 10.0.40219.1
Project("{FAE04EC0-301F-11D3-BF4B-00C04F79EFBC}") = "SoapApi", "SoapApi\SoapApi.csproj", "{69A5AED4-9999-4462-BFC0-493AFF03BFF8}"
EndProject
Project("{9A19103F-16F7-4668-BE54-9A1E7A4F7556}") = "RestApi", "RestApi\RestApi.csproj", "{0A8711CF-49EF-4595-B774-452EE39AA3A6}"
EndProject
Project("{9A19103F-16F7-4668-BE54-9A1E7A4F7556}") = "Common", "Common\Common.csproj", "{6B127DF2-5E99-44E9-A252-F0AFEC1EE1E5}"
EndProject
Global
	GlobalSection(SolutionConfigurationPlatforms) = preSolution
		Debug|Any CPU = Debug|Any CPU
		Release|Any CPU = Release|Any CPU
	EndGlobalSection
	GlobalSection(ProjectConfigurationPlatforms) = postSolution
		{69A5AED4-9999-4462-BFC0-493AFF03BFF8}.Debug|Any CPU.ActiveCfg = Debug|Any CPU
		{69A5AED4-9999-4462-BFC0-493AFF03BFF8}.Debug|Any CPU.Build.0 = Debug|Any CPU
		{69A5AED4-9999-4462-BFC0-493AFF03BFF8}.Release|Any CPU.ActiveCfg = Release|Any CPU
		{69A5AED4-9999-4462-BFC0-493AFF03BFF8}.Release|Any CPU.Build.0 = Release|Any CPU
		{0A8711CF-49EF-4595-B774-452EE39AA3A6}.Debug|Any CPU.ActiveCfg = Debug|Any CPU
		{0A8711CF-49EF-4595-B774-452EE39AA3A6}.Debug|Any CPU.Build.0 = Debug|Any CPU
		{0A8711CF-49EF-4595-B774-452EE39AA3A6}.Release|Any CPU.ActiveCfg = Release|Any CPU
		{0A8711CF-49EF-4595-B774-452EE39AA3A6}.Release|Any CPU.Build.0 = Release|Any CPU
		{6B127DF2-5E99-44E9-A252-F0AFEC1EE1E5}.Debug|Any CPU.ActiveCfg = Debug|Any CPU
		{6B127DF2-5E99-44E9-A252-F0AFEC1EE1E5}.Debug|Any CPU.Build.0 = Debug|Any CPU
		{6B127DF2-5E99-44E9-A252-F0AFEC1EE1E5}.Release|Any CPU.ActiveCfg = Release|Any CPU
		{6B127DF2-5E99-44E9-A252-F0AFEC1EE1E5}.Release|Any CPU.Build.0 = Release|Any CPU
	EndGlobalSection
	GlobalSection(SolutionProperties) = preSolution
		HideSolutionNode = FALSE
	EndGlobalSection
	GlobalSection(ExtensibilityGlobals) = postSolution
		SolutionGuid = {E66D5F7A-6BF7-49B7-B6BD-5B80F314F059}
	EndGlobalSection
EndGlobal
